
Microsoft Visual Studio Solution File, Format Version 12.00
# Visual Studio 15
VisualStudioVersion = 15.0.26730.16
MinimumVisualStudioVersion = 10.0.40219.1
Project("{FAE04EC0-301F-11D3-BF4B-00C04F79EFBC}") = "ConsoleApp12", "ConsoleApp12\ConsoleApp12.csproj", "{51E250CF-85EA-4C4C-8110-438137A9402E}"
EndProject
Global
	GlobalSection(SolutionConfigurationPlatforms) = preSolution
		Debug|Any CPU = Debug|Any CPU
		Release|Any CPU = Release|Any CPU
	EndGlobalSection
	GlobalSection(ProjectConfigurationPlatforms) = postSolution
		{51E250CF-85EA-4C4C-8110-438137A9402E}.Debug|Any CPU.ActiveCfg = Debug|Any CPU
		{51E250CF-85EA-4C4C-8110-438137A9402E}.Debug|Any CPU.Build.0 = Debug|Any CPU
		{51E250CF-85EA-4C4C-8110-438137A9402E}.Release|Any CPU.ActiveCfg = Release|Any CPU
		{51E250CF-85EA-4C4C-8110-438137A9402E}.Release|Any CPU.Build.0 = Release|Any CPU
	EndGlobalSection
	GlobalSection(SolutionProperties) = preSolution
		HideSolutionNode = FALSE
	EndGlobalSection
	GlobalSection(ExtensibilityGlobals) = postSolution
		SolutionGuid = {90D6A211-5D7A-48EE-8C25-8D64C3E76707}
	EndGlobalSection
EndGlobal
